
Microsoft Visual Studio Solution File, Format Version 12.00
# Visual Studio 15
VisualStudioVersion = 15.0.28307.271
MinimumVisualStudioVersion = 10.0.40219.1
Project("{FAE04EC0-301F-11D3-BF4B-00C04F79EFBC}") = "ExpensesApp.Android", "ExpensesApp\ExpensesApp.Android\ExpensesApp.Android.csproj", "{12F916E1-AA66-4029-8601-C2BA4FFDA7FB}"
EndProject
Project("{FAE04EC0-301F-11D3-BF4B-00C04F79EFBC}") = "ExpensesApp.iOS", "ExpensesApp\ExpensesApp.iOS\ExpensesApp.iOS.csproj", "{C8182729-71EE-44E4-9709-93000E2321F1}"
EndProject
Project("{FAE04EC0-301F-11D3-BF4B-00C04F79EFBC}") = "ExpensesApp.UWP", "ExpensesApp\ExpensesApp.UWP\ExpensesApp.UWP.csproj", "{668EDD56-B3BB-4D5F-9435-1A32EBA22FE9}"
EndProject
Project("{FAE04EC0-301F-11D3-BF4B-00C04F79EFBC}") = "ExpensesApp", "ExpensesApp\ExpensesApp\ExpensesApp.csproj", "{2CBA9DED-033E-4EF4-BE86-0C6B64DFB335}"
EndProject
Global
	GlobalSection(SolutionConfigurationPlatforms) = preSolution
		Ad-Hoc|Any CPU = Ad-Hoc|Any CPU
		Ad-Hoc|ARM = Ad-Hoc|ARM
		Ad-Hoc|iPhone = Ad-Hoc|iPhone
		Ad-Hoc|iPhoneSimulator = Ad-Hoc|iPhoneSimulator
		Ad-Hoc|x64 = Ad-Hoc|x64
		Ad-Hoc|x86 = Ad-Hoc|x86
		AppStore|Any CPU = AppStore|Any CPU
		AppStore|ARM = AppStore|ARM
		AppStore|iPhone = AppStore|iPhone
		AppStore|iPhoneSimulator = AppStore|iPhoneSimulator
		AppStore|x64 = AppStore|x64
		AppStore|x86 = AppStore|x86
		Debug|Any CPU = Debug|Any CPU
		Debug|ARM = Debug|ARM
		Debug|iPhone = Debug|iPhone
		Debug|iPhoneSimulator = Debug|iPhoneSimulator
		Debug|x64 = Debug|x64
		Debug|x86 = Debug|x86
		Release|Any CPU = Release|Any CPU
		Release|ARM = Release|ARM
		Release|iPhone = Release|iPhone
		Release|iPhoneSimulator = Release|iPhoneSimulator
		Release|x64 = Release|x64
		Release|x86 = Release|x86
	EndGlobalSection
	GlobalSection(ProjectConfigurationPlatforms) = postSolution
		{12F916E1-AA66-4029-8601-C2BA4FFDA7FB}.Ad-Hoc|Any CPU.ActiveCfg = Release|Any CPU
		{12F916E1-AA66-4029-8601-C2BA4FFDA7FB}.Ad-Hoc|Any CPU.Build.0 = Release|Any CPU
		{12F916E1-AA66-4029-8601-C2BA4FFDA7FB}.Ad-Hoc|Any CPU.Deploy.0 = Release|Any CPU
		{12F916E1-AA66-4029-8601-C2BA4FFDA7FB}.Ad-Hoc|ARM.ActiveCfg = Release|Any CPU
		{12F916E1-AA66-4029-8601-C2BA4FFDA7FB}.Ad-Hoc|ARM.Build.0 = Release|Any CPU
		{12F916E1-AA66-4029-8601-C2BA4FFDA7FB}.Ad-Hoc|ARM.Deploy.0 = Release|Any CPU
		{12F916E1-AA66-4029-8601-C2BA4FFDA7FB}.Ad-Hoc|iPhone.ActiveCfg = Release|Any CPU
		{12F916E1-AA66-4029-8601-C2BA4FFDA7FB}.Ad-Hoc|iPhone.Build.0 = Release|Any CPU
		{12F916E1-AA66-4029-8601-C2BA4FFDA7FB}.Ad-Hoc|iPhone.Deploy.0 = Release|Any CPU
		{12F916E1-AA66-4029-8601-C2BA4FFDA7FB}.Ad-Hoc|iPhoneSimulator.ActiveCfg = Release|Any CPU
		{12F916E1-AA66-4029-8601-C2BA4FFDA7FB}.Ad-Hoc|iPhoneSimulator.Build.0 = Release|Any CPU
		{12F916E1-AA66-4029-8601-C2BA4FFDA7FB}.Ad-Hoc|iPhoneSimulator.Deploy.0 = Release|Any CPU
		{12F916E1-AA66-4029-8601-C2BA4FFDA7FB}.Ad-Hoc|x64.ActiveCfg = Release|Any CPU
		{12F916E1-AA66-4029-8601-C2BA4FFDA7FB}.Ad-Hoc|x64.Build.0 = Release|Any CPU
		{12F916E1-AA66-4029-8601-C2BA4FFDA7FB}.Ad-Hoc|x64.Deploy.0 = Release|Any CPU
		{12F916E1-AA66-4029-8601-C2BA4FFDA7FB}.Ad-Hoc|x86.ActiveCfg = Release|Any CPU
		{12F916E1-AA66-4029-8601-C2BA4FFDA7FB}.Ad-Hoc|x86.Build.0 = Release|Any CPU
		{12F916E1-AA66-4029-8601-C2BA4FFDA7FB}.Ad-Hoc|x86.Deploy.0 = Release|Any CPU
		{12F916E1-AA66-4029-8601-C2BA4FFDA7FB}.AppStore|Any CPU.ActiveCfg = Release|Any CPU
		{12F916E1-AA66-4029-8601-C2BA4FFDA7FB}.AppStore|Any CPU.Build.0 = Release|Any CPU
		{12F916E1-AA66-4029-8601-C2BA4FFDA7FB}.AppStore|Any CPU.Deploy.0 = Release|Any CPU
		{12F916E1-AA66-4029-8601-C2BA4FFDA7FB}.AppStore|ARM.ActiveCfg = Release|Any CPU
		{12F916E1-AA66-4029-8601-C2BA4FFDA7FB}.AppStore|ARM.Build.0 = Release|Any CPU
		{12F916E1-AA66-4029-8601-C2BA4FFDA7FB}.AppStore|ARM.Deploy.0 = Release|Any CPU
		{12F916E1-AA66-4029-8601-C2BA4FFDA7FB}.AppStore|iPhone.ActiveCfg = Release|Any CPU
		{12F916E1-AA66-4029-8601-C2BA4FFDA7FB}.AppStore|iPhone.Build.0 = Release|Any CPU
		{12F916E1-AA66-4029-8601-C2BA4FFDA7FB}.AppStore|iPhone.Deploy.0 = Release|Any CPU
		{12F916E1-AA66-4029-8601-C2BA4FFDA7FB}.AppStore|iPhoneSimulator.ActiveCfg = Release|Any CPU
		{12F916E1-AA66-4029-8601-C2BA4FFDA7FB}.AppStore|iPhoneSimulator.Build.0 = Release|Any CPU
		{12F916E1-AA66-4029-8601-C2BA4FFDA7FB}.AppStore|iPhoneSimulator.Deploy.0 = Release|Any CPU
		{12F916E1-AA66-4029-8601-C2BA4FFDA7FB}.AppStore|x64.ActiveCfg = Release|Any CPU
		{12F916E1-AA66-4029-8601-C2BA4FFDA7FB}.AppStore|x64.Build.0 = Release|Any CPU
		{12F916E1-AA66-4029-8601-C2BA4FFDA7FB}.AppStore|x64.Deploy.0 = Release|Any CPU
		{12F916E1-AA66-4029-8601-C2BA4FFDA7FB}.AppStore|x86.ActiveCfg = Release|Any CPU
		{12F916E1-AA66-4029-8601-C2BA4FFDA7FB}.AppStore|x86.Build.0 = Release|Any CPU
		{12F916E1-AA66-4029-8601-C2BA4FFDA7FB}.AppStore|x86.Deploy.0 = Release|Any CPU
		{12F916E1-AA66-4029-8601-C2BA4FFDA7FB}.Debug|Any CPU.ActiveCfg = Debug|Any CPU
		{12F916E1-AA66-4029-8601-C2BA4FFDA7FB}.Debug|Any CPU.Build.0 = Debug|Any CPU
		{12F916E1-AA66-4029-8601-C2BA4FFDA7FB}.Debug|Any CPU.Deploy.0 = Debug|Any CPU
		{12F916E1-AA66-4029-8601-C2BA4FFDA7FB}.Debug|ARM.ActiveCfg = Debug|Any CPU
		{12F916E1-AA66-4029-8601-C2BA4FFDA7FB}.Debug|ARM.Build.0 = Debug|Any CPU
		{12F916E1-AA66-4029-8601-C2BA4FFDA7FB}.Debug|ARM.Deploy.0 = Debug|Any CPU
		{12F916E1-AA66-4029-8601-C2BA4FFDA7FB}.Debug|iPhone.ActiveCfg = Debug|Any CPU
		{12F916E1-AA66-4029-8601-C2BA4FFDA7FB}.Debug|iPhone.Build.0 = Debug|Any CPU
		{12F916E1-AA66-4029-8601-C2BA4FFDA7FB}.Debug|iPhone.Deploy.0 = Debug|Any CPU
		{12F916E1-AA66-4029-8601-C2BA4FFDA7FB}.Debug|iPhoneSimulator.ActiveCfg = Debug|Any CPU
		{12F916E1-AA66-4029-8601-C2BA4FFDA7FB}.Debug|iPhoneSimulator.Build.0 = Debug|Any CPU
		{12F916E1-AA66-4029-8601-C2BA4FFDA7FB}.Debug|iPhoneSimulator.Deploy.0 = Debug|Any CPU
		{12F916E1-AA66-4029-8601-C2BA4FFDA7FB}.Debug|x64.ActiveCfg = Debug|Any CPU
		{12F916E1-AA66-4029-8601-C2BA4FFDA7FB}.Debug|x64.Build.0 = Debug|Any CPU
		{12F916E1-AA66-4029-8601-C2BA4FFDA7FB}.Debug|x64.Deploy.0 = Debug|Any CPU
		{12F916E1-AA66-4029-8601-C2BA4FFDA7FB}.Debug|x86.ActiveCfg = Debug|Any CPU
		{12F916E1-AA66-4029-8601-C2BA4FFDA7FB}.Debug|x86.Build.0 = Debug|Any CPU
		{12F916E1-AA66-4029-8601-C2BA4FFDA7FB}.Debug|x86.Deploy.0 = Debug|Any CPU
		{12F916E1-AA66-4029-8601-C2BA4FFDA7FB}.Release|Any CPU.ActiveCfg = Release|Any CPU
		{12F916E1-AA66-4029-8601-C2BA4FFDA7FB}.Release|Any CPU.Build.0 = Release|Any CPU
		{12F916E1-AA66-4029-8601-C2BA4FFDA7FB}.Release|Any CPU.Deploy.0 = Release|Any CPU
		{12F916E1-AA66-4029-8601-C2BA4FFDA7FB}.Release|ARM.ActiveCfg = Release|Any CPU
		{12F916E1-AA66-4029-8601-C2BA4FFDA7FB}.Release|ARM.Build.0 = Release|Any CPU
		{12F916E1-AA66-4029-8601-C2BA4FFDA7FB}.Release|ARM.Deploy.0 = Release|Any CPU
		{12F916E1-AA66-4029-8601-C2BA4FFDA7FB}.Release|iPhone.ActiveCfg = Release|Any CPU
		{12F916E1-AA66-4029-8601-C2BA4FFDA7FB}.Release|iPhone.Build.0 = Release|Any CPU
		{12F916E1-AA66-4029-8601-C2BA4FFDA7FB}.Release|iPhone.Deploy.0 = Release|Any CPU
		{12F916E1-AA66-4029-8601-C2BA4FFDA7FB}.Release|iPhoneSimulator.ActiveCfg = Release|Any CPU
		{12F916E1-AA66-4029-8601-C2BA4FFDA7FB}.Release|iPhoneSimulator.Build.0 = Release|Any CPU
		{12F916E1-AA66-4029-8601-C2BA4FFDA7FB}.Release|iPhoneSimulator.Deploy.0 = Release|Any CPU
		{12F916E1-AA66-4029-8601-C2BA4FFDA7FB}.Release|x64.ActiveCfg = Release|Any CPU
		{12F916E1-AA66-4029-8601-C2BA4FFDA7FB}.Release|x64.Build.0 = Release|Any CPU
		{12F916E1-AA66-4029-8601-C2BA4FFDA7FB}.Release|x64.Deploy.0 = Release|Any CPU
		{12F916E1-AA66-4029-8601-C2BA4FFDA7FB}.Release|x86.ActiveCfg = Release|Any CPU
		{12F916E1-AA66-4029-8601-C2BA4FFDA7FB}.Release|x86.Build.0 = Release|Any CPU
		{12F916E1-AA66-4029-8601-C2BA4FFDA7FB}.Release|x86.Deploy.0 = Release|Any CPU
		{C8182729-71EE-44E4-9709-93000E2321F1}.Ad-Hoc|Any CPU.ActiveCfg = Ad-Hoc|iPhone
		{C8182729-71EE-44E4-9709-93000E2321F1}.Ad-Hoc|Any CPU.Build.0 = Ad-Hoc|iPhone
		{C8182729-71EE-44E4-9709-93000E2321F1}.Ad-Hoc|Any CPU.Deploy.0 = Ad-Hoc|iPhone
		{C8182729-71EE-44E4-9709-93000E2321F1}.Ad-Hoc|ARM.ActiveCfg = Ad-Hoc|iPhone
		{C8182729-71EE-44E4-9709-93000E2321F1}.Ad-Hoc|ARM.Build.0 = Ad-Hoc|iPhone
		{C8182729-71EE-44E4-9709-93000E2321F1}.Ad-Hoc|ARM.Deploy.0 = Ad-Hoc|iPhone
		{C8182729-71EE-44E4-9709-93000E2321F1}.Ad-Hoc|iPhone.ActiveCfg = Ad-Hoc|iPhone
		{C8182729-71EE-44E4-9709-93000E2321F1}.Ad-Hoc|iPhone.Build.0 = Ad-Hoc|iPhone
		{C8182729-71EE-44E4-9709-93000E2321F1}.Ad-Hoc|iPhone.Deploy.0 = Ad-Hoc|iPhone
		{C8182729-71EE-44E4-9709-93000E2321F1}.Ad-Hoc|iPhoneSimulator.ActiveCfg = Ad-Hoc|iPhoneSimulator
		{C8182729-71EE-44E4-9709-93000E2321F1}.Ad-Hoc|iPhoneSimulator.Build.0 = Ad-Hoc|iPhoneSimulator
		{C8182729-71EE-44E4-9709-93000E2321F1}.Ad-Hoc|iPhoneSimulator.Deploy.0 = Ad-Hoc|iPhoneSimulator
		{C8182729-71EE-44E4-9709-93000E2321F1}.Ad-Hoc|x64.ActiveCfg = Ad-Hoc|iPhone
		{C8182729-71EE-44E4-9709-93000E2321F1}.Ad-Hoc|x64.Build.0 = Ad-Hoc|iPhone
		{C8182729-71EE-44E4-9709-93000E2321F1}.Ad-Hoc|x64.Deploy.0 = Ad-Hoc|iPhone
		{C8182729-71EE-44E4-9709-93000E2321F1}.Ad-Hoc|x86.ActiveCfg = Ad-Hoc|iPhone
		{C8182729-71EE-44E4-9709-93000E2321F1}.Ad-Hoc|x86.Build.0 = Ad-Hoc|iPhone
		{C8182729-71EE-44E4-9709-93000E2321F1}.Ad-Hoc|x86.Deploy.0 = Ad-Hoc|iPhone
		{C8182729-71EE-44E4-9709-93000E2321F1}.AppStore|Any CPU.ActiveCfg = AppStore|iPhone
		{C8182729-71EE-44E4-9709-93000E2321F1}.AppStore|Any CPU.Build.0 = AppStore|iPhone
		{C8182729-71EE-44E4-9709-93000E2321F1}.AppStore|Any CPU.Deploy.0 = AppStore|iPhone
		{C8182729-71EE-44E4-9709-93000E2321F1}.AppStore|ARM.ActiveCfg = AppStore|iPhone
		{C8182729-71EE-44E4-9709-93000E2321F1}.AppStore|ARM.Build.0 = AppStore|iPhone
		{C8182729-71EE-44E4-9709-93000E2321F1}.AppStore|ARM.Deploy.0 = AppStore|iPhone
		{C8182729-71EE-44E4-9709-93000E2321F1}.AppStore|iPhone.ActiveCfg = AppStore|iPhone
		{C8182729-71EE-44E4-9709-93000E2321F1}.AppStore|iPhone.Build.0 = AppStore|iPhone
		{C8182729-71EE-44E4-9709-93000E2321F1}.AppStore|iPhone.Deploy.0 = AppStore|iPhone
		{C8182729-71EE-44E4-9709-93000E2321F1}.AppStore|iPhoneSimulator.ActiveCfg = AppStore|iPhoneSimulator
		{C8182729-71EE-44E4-9709-93000E2321F1}.AppStore|iPhoneSimulator.Build.0 = AppStore|iPhoneSimulator
		{C8182729-71EE-44E4-9709-93000E2321F1}.AppStore|iPhoneSimulator.Deploy.0 = AppStore|iPhoneSimulator
		{C8182729-71EE-44E4-9709-93000E2321F1}.AppStore|x64.ActiveCfg = AppStore|iPhone
		{C8182729-71EE-44E4-9709-93000E2321F1}.AppStore|x64.Build.0 = AppStore|iPhone
		{C8182729-71EE-44E4-9709-93000E2321F1}.AppStore|x64.Deploy.0 = AppStore|iPhone
		{C8182729-71EE-44E4-9709-93000E2321F1}.AppStore|x86.ActiveCfg = AppStore|iPhone
		{C8182729-71EE-44E4-9709-93000E2321F1}.AppStore|x86.Build.0 = AppStore|iPhone
		{C8182729-71EE-44E4-9709-93000E2321F1}.AppStore|x86.Deploy.0 = AppStore|iPhone
		{C8182729-71EE-44E4-9709-93000E2321F1}.Debug|Any CPU.ActiveCfg = Debug|iPhoneSimulator
		{C8182729-71EE-44E4-9709-93000E2321F1}.Debug|Any CPU.Build.0 = Debug|iPhoneSimulator
		{C8182729-71EE-44E4-9709-93000E2321F1}.Debug|Any CPU.Deploy.0 = Debug|iPhoneSimulator
		{C8182729-71EE-44E4-9709-93000E2321F1}.Debug|ARM.ActiveCfg = Debug|iPhone
		{C8182729-71EE-44E4-9709-93000E2321F1}.Debug|ARM.Build.0 = Debug|iPhone
		{C8182729-71EE-44E4-9709-93000E2321F1}.Debug|ARM.Deploy.0 = Debug|iPhone
		{C8182729-71EE-44E4-9709-93000E2321F1}.Debug|iPhone.ActiveCfg = Debug|iPhone
		{C8182729-71EE-44E4-9709-93000E2321F1}.Debug|iPhone.Build.0 = Debug|iPhone
		{C8182729-71EE-44E4-9709-93000E2321F1}.Debug|iPhone.Deploy.0 = Debug|iPhone
		{C8182729-71EE-44E4-9709-93000E2321F1}.Debug|iPhoneSimulator.ActiveCfg = Debug|iPhoneSimulator
		{C8182729-71EE-44E4-9709-93000E2321F1}.Debug|iPhoneSimulator.Build.0 = Debug|iPhoneSimulator
		{C8182729-71EE-44E4-9709-93000E2321F1}.Debug|iPhoneSimulator.Deploy.0 = Debug|iPhoneSimulator
		{C8182729-71EE-44E4-9709-93000E2321F1}.Debug|x64.ActiveCfg = Debug|iPhone
		{C8182729-71EE-44E4-9709-93000E2321F1}.Debug|x64.Build.0 = Debug|iPhone
		{C8182729-71EE-44E4-9709-93000E2321F1}.Debug|x64.Deploy.0 = Debug|iPhone
		{C8182729-71EE-44E4-9709-93000E2321F1}.Debug|x86.ActiveCfg = Debug|iPhone
		{C8182729-71EE-44E4-9709-93000E2321F1}.Debug|x86.Build.0 = Debug|iPhone
		{C8182729-71EE-44E4-9709-93000E2321F1}.Debug|x86.Deploy.0 = Debug|iPhone
		{C8182729-71EE-44E4-9709-93000E2321F1}.Release|Any CPU.ActiveCfg = Release|iPhone
		{C8182729-71EE-44E4-9709-93000E2321F1}.Release|Any CPU.Build.0 = Release|iPhone
		{C8182729-71EE-44E4-9709-93000E2321F1}.Release|Any CPU.Deploy.0 = Release|iPhone
		{C8182729-71EE-44E4-9709-93000E2321F1}.Release|ARM.ActiveCfg = Release|iPhone
		{C8182729-71EE-44E4-9709-93000E2321F1}.Release|ARM.Build.0 = Release|iPhone
		{C8182729-71EE-44E4-9709-93000E2321F1}.Release|ARM.Deploy.0 = Release|iPhone
		{C8182729-71EE-44E4-9709-93000E2321F1}.Release|iPhone.ActiveCfg = Release|iPhone
		{C8182729-71EE-44E4-9709-93000E2321F1}.Release|iPhone.Build.0 = Release|iPhone
		{C8182729-71EE-44E4-9709-93000E2321F1}.Release|iPhone.Deploy.0 = Release|iPhone
		{C8182729-71EE-44E4-9709-93000E2321F1}.Release|iPhoneSimulator.ActiveCfg = Release|iPhoneSimulator
		{C8182729-71EE-44E4-9709-93000E2321F1}.Release|iPhoneSimulator.Build.0 = Release|iPhoneSimulator
		{C8182729-71EE-44E4-9709-93000E2321F1}.Release|iPhoneSimulator.Deploy.0 = Release|iPhoneSimulator
		{C8182729-71EE-44E4-9709-93000E2321F1}.Release|x64.ActiveCfg = Release|iPhone
		{C8182729-71EE-44E4-9709-93000E2321F1}.Release|x64.Build.0 = Release|iPhone
		{C8182729-71EE-44E4-9709-93000E2321F1}.Release|x64.Deploy.0 = Release|iPhone
		{C8182729-71EE-44E4-9709-93000E2321F1}.Release|x86.ActiveCfg = Release|iPhone
		{C8182729-71EE-44E4-9709-93000E2321F1}.Release|x86.Build.0 = Release|iPhone
		{C8182729-71EE-44E4-9709-93000E2321F1}.Release|x86.Deploy.0 = Release|iPhone
		{668EDD56-B3BB-4D5F-9435-1A32EBA22FE9}.Ad-Hoc|Any CPU.ActiveCfg = Release|x86
		{668EDD56-B3BB-4D5F-9435-1A32EBA22FE9}.Ad-Hoc|Any CPU.Build.0 = Release|x86
		{668EDD56-B3BB-4D5F-9435-1A32EBA22FE9}.Ad-Hoc|Any CPU.Deploy.0 = Release|x86
		{668EDD56-B3BB-4D5F-9435-1A32EBA22FE9}.Ad-Hoc|ARM.ActiveCfg = Release|ARM
		{668EDD56-B3BB-4D5F-9435-1A32EBA22FE9}.Ad-Hoc|ARM.Build.0 = Release|ARM
		{668EDD56-B3BB-4D5F-9435-1A32EBA22FE9}.Ad-Hoc|ARM.Deploy.0 = Release|ARM
		{668EDD56-B3BB-4D5F-9435-1A32EBA22FE9}.Ad-Hoc|iPhone.ActiveCfg = Release|x86
		{668EDD56-B3BB-4D5F-9435-1A32EBA22FE9}.Ad-Hoc|iPhone.Build.0 = Release|x86
		{668EDD56-B3BB-4D5F-9435-1A32EBA22FE9}.Ad-Hoc|iPhone.Deploy.0 = Release|x86
		{668EDD56-B3BB-4D5F-9435-1A32EBA22FE9}.Ad-Hoc|iPhoneSimulator.ActiveCfg = Release|x86
		{668EDD56-B3BB-4D5F-9435-1A32EBA22FE9}.Ad-Hoc|iPhoneSimulator.Build.0 = Release|x86
		{668EDD56-B3BB-4D5F-9435-1A32EBA22FE9}.Ad-Hoc|iPhoneSimulator.Deploy.0 = Release|x86
		{668EDD56-B3BB-4D5F-9435-1A32EBA22FE9}.Ad-Hoc|x64.ActiveCfg = Release|x64
		{668EDD56-B3BB-4D5F-9435-1A32EBA22FE9}.Ad-Hoc|x64.Build.0 = Release|x64
		{668EDD56-B3BB-4D5F-9435-1A32EBA22FE9}.Ad-Hoc|x64.Deploy.0 = Release|x64
		{668EDD56-B3BB-4D5F-9435-1A32EBA22FE9}.Ad-Hoc|x86.ActiveCfg = Release|x86
		{668EDD56-B3BB-4D5F-9435-1A32EBA22FE9}.Ad-Hoc|x86.Build.0 = Release|x86
		{668EDD56-B3BB-4D5F-9435-1A32EBA22FE9}.Ad-Hoc|x86.Deploy.0 = Release|x86
		{668EDD56-B3BB-4D5F-9435-1A32EBA22FE9}.AppStore|Any CPU.ActiveCfg = Release|x86
		{668EDD56-B3BB-4D5F-9435-1A32EBA22FE9}.AppStore|Any CPU.Build.0 = Release|x86
		{668EDD56-B3BB-4D5F-9435-1A32EBA22FE9}.AppStore|Any CPU.Deploy.0 = Release|x86
		{668EDD56-B3BB-4D5F-9435-1A32EBA22FE9}.AppStore|ARM.ActiveCfg = Release|ARM
		{668EDD56-B3BB-4D5F-9435-1A32EBA22FE9}.AppStore|ARM.Build.0 = Release|ARM
		{668EDD56-B3BB-4D5F-9435-1A32EBA22FE9}.AppStore|ARM.Deploy.0 = Release|ARM
		{668EDD56-B3BB-4D5F-9435-1A32EBA22FE9}.AppStore|iPhone.ActiveCfg = Release|x86
		{668EDD56-B3BB-4D5F-9435-1A32EBA22FE9}.AppStore|iPhone.Build.0 = Release|x86
		{668EDD56-B3BB-4D5F-9435-1A32EBA22FE9}.AppStore|iPhone.Deploy.0 = Release|x86
		{668EDD56-B3BB-4D5F-9435-1A32EBA22FE9}.AppStore|iPhoneSimulator.ActiveCfg = Release|x86
		{668EDD56-B3BB-4D5F-9435-1A32EBA22FE9}.AppStore|iPhoneSimulator.Build.0 = Release|x86
		{668EDD56-B3BB-4D5F-9435-1A32EBA22FE9}.AppStore|iPhoneSimulator.Deploy.0 = Release|x86
		{668EDD56-B3BB-4D5F-9435-1A32EBA22FE9}.AppStore|x64.ActiveCfg = Release|x64
		{668EDD56-B3BB-4D5F-9435-1A32EBA22FE9}.AppStore|x64.Build.0 = Release|x64
		{668EDD56-B3BB-4D5F-9435-1A32EBA22FE9}.AppStore|x64.Deploy.0 = Release|x64
		{668EDD56-B3BB-4D5F-9435-1A32EBA22FE9}.AppStore|x86.ActiveCfg = Release|x86
		{668EDD56-B3BB-4D5F-9435-1A32EBA22FE9}.AppStore|x86.Build.0 = Release|x86
		{668EDD56-B3BB-4D5F-9435-1A32EBA22FE9}.AppStore|x86.Deploy.0 = Release|x86
		{668EDD56-B3BB-4D5F-9435-1A32EBA22FE9}.Debug|Any CPU.ActiveCfg = Debug|x86
		{668EDD56-B3BB-4D5F-9435-1A32EBA22FE9}.Debug|Any CPU.Build.0 = Debug|x86
		{668EDD56-B3BB-4D5F-9435-1A32EBA22FE9}.Debug|Any CPU.Deploy.0 = Debug|x86
		{668EDD56-B3BB-4D5F-9435-1A32EBA22FE9}.Debug|ARM.ActiveCfg = Debug|ARM
		{668EDD56-B3BB-4D5F-9435-1A32EBA22FE9}.Debug|ARM.Build.0 = Debug|ARM
		{668EDD56-B3BB-4D5F-9435-1A32EBA22FE9}.Debug|ARM.Deploy.0 = Debug|ARM
		{668EDD56-B3BB-4D5F-9435-1A32EBA22FE9}.Debug|iPhone.ActiveCfg = Debug|x86
		{668EDD56-B3BB-4D5F-9435-1A32EBA22FE9}.Debug|iPhone.Build.0 = Debug|x86
		{668EDD56-B3BB-4D5F-9435-1A32EBA22FE9}.Debug|iPhone.Deploy.0 = Debug|x86
		{668EDD56-B3BB-4D5F-9435-1A32EBA22FE9}.Debug|iPhoneSimulator.ActiveCfg = Debug|x86
		{668EDD56-B3BB-4D5F-9435-1A32EBA22FE9}.Debug|iPhoneSimulator.Build.0 = Debug|x86
		{668EDD56-B3BB-4D5F-9435-1A32EBA22FE9}.Debug|iPhoneSimulator.Deploy.0 = Debug|x86
		{668EDD56-B3BB-4D5F-9435-1A32EBA22FE9}.Debug|x64.ActiveCfg = Debug|x64
		{668EDD56-B3BB-4D5F-9435-1A32EBA22FE9}.Debug|x64.Build.0 = Debug|x64
		{668EDD56-B3BB-4D5F-9435-1A32EBA22FE9}.Debug|x64.Deploy.0 = Debug|x64
		{668EDD56-B3BB-4D5F-9435-1A32EBA22FE9}.Debug|x86.ActiveCfg = Debug|x86
		{668EDD56-B3BB-4D5F-9435-1A32EBA22FE9}.Debug|x86.Build.0 = Debug|x86
		{668EDD56-B3BB-4D5F-9435-1A32EBA22FE9}.Debug|x86.Deploy.0 = Debug|x86
		{668EDD56-B3BB-4D5F-9435-1A32EBA22FE9}.Release|Any CPU.ActiveCfg = Release|x86
		{668EDD56-B3BB-4D5F-9435-1A32EBA22FE9}.Release|Any CPU.Build.0 = Release|x86
		{668EDD56-B3BB-4D5F-9435-1A32EBA22FE9}.Release|Any CPU.Deploy.0 = Release|x86
		{668EDD56-B3BB-4D5F-9435-1A32EBA22FE9}.Release|ARM.ActiveCfg = Release|ARM
		{668EDD56-B3BB-4D5F-9435-1A32EBA22FE9}.Release|ARM.Build.0 = Release|ARM
		{668EDD56-B3BB-4D5F-9435-1A32EBA22FE9}.Release|ARM.Deploy.0 = Release|ARM
		{668EDD56-B3BB-4D5F-9435-1A32EBA22FE9}.Release|iPhone.ActiveCfg = Release|x86
		{668EDD56-B3BB-4D5F-9435-1A32EBA22FE9}.Release|iPhone.Build.0 = Release|x86
		{668EDD56-B3BB-4D5F-9435-1A32EBA22FE9}.Release|iPhone.Deploy.0 = Release|x86
		{668EDD56-B3BB-4D5F-9435-1A32EBA22FE9}.Release|iPhoneSimulator.ActiveCfg = Release|x86
		{668EDD56-B3BB-4D5F-9435-1A32EBA22FE9}.Release|iPhoneSimulator.Build.0 = Release|x86
		{668EDD56-B3BB-4D5F-9435-1A32EBA22FE9}.Release|iPhoneSimulator.Deploy.0 = Release|x86
		{668EDD56-B3BB-4D5F-9435-1A32EBA22FE9}.Release|x64.ActiveCfg = Release|x64
		{668EDD56-B3BB-4D5F-9435-1A32EBA22FE9}.Release|x64.Build.0 = Release|x64
		{668EDD56-B3BB-4D5F-9435-1A32EBA22FE9}.Release|x64.Deploy.0 = Release|x64
		{668EDD56-B3BB-4D5F-9435-1A32EBA22FE9}.Release|x86.ActiveCfg = Release|x86
		{668EDD56-B3BB-4D5F-9435-1A32EBA22FE9}.Release|x86.Build.0 = Release|x86
		{668EDD56-B3BB-4D5F-9435-1A32EBA22FE9}.Release|x86.Deploy.0 = Release|x86
		{2CBA9DED-033E-4EF4-BE86-0C6B64DFB335}.Ad-Hoc|Any CPU.ActiveCfg = Debug|Any CPU
		{2CBA9DED-033E-4EF4-BE86-0C6B64DFB335}.Ad-Hoc|Any CPU.Build.0 = Debug|Any CPU
		{2CBA9DED-033E-4EF4-BE86-0C6B64DFB335}.Ad-Hoc|Any CPU.Deploy.0 = Debug|Any CPU
		{2CBA9DED-033E-4EF4-BE86-0C6B64DFB335}.Ad-Hoc|ARM.ActiveCfg = Debug|Any CPU
		{2CBA9DED-033E-4EF4-BE86-0C6B64DFB335}.Ad-Hoc|ARM.Build.0 = Debug|Any CPU
		{2CBA9DED-033E-4EF4-BE86-0C6B64DFB335}.Ad-Hoc|ARM.Deploy.0 = Debug|Any CPU
		{2CBA9DED-033E-4EF4-BE86-0C6B64DFB335}.Ad-Hoc|iPhone.ActiveCfg = Debug|Any CPU
		{2CBA9DED-033E-4EF4-BE86-0C6B64DFB335}.Ad-Hoc|iPhone.Build.0 = Debug|Any CPU
		{2CBA9DED-033E-4EF4-BE86-0C6B64DFB335}.Ad-Hoc|iPhone.Deploy.0 = Debug|Any CPU
		{2CBA9DED-033E-4EF4-BE86-0C6B64DFB335}.Ad-Hoc|iPhoneSimulator.ActiveCfg = Debug|Any CPU
		{2CBA9DED-033E-4EF4-BE86-0C6B64DFB335}.Ad-Hoc|iPhoneSimulator.Build.0 = Debug|Any CPU
		{2CBA9DED-033E-4EF4-BE86-0C6B64DFB335}.Ad-Hoc|iPhoneSimulator.Deploy.0 = Debug|Any CPU
		{2CBA9DED-033E-4EF4-BE86-0C6B64DFB335}.Ad-Hoc|x64.ActiveCfg = Debug|Any CPU
		{2CBA9DED-033E-4EF4-BE86-0C6B64DFB335}.Ad-Hoc|x64.Build.0 = Debug|Any CPU
		{2CBA9DED-033E-4EF4-BE86-0C6B64DFB335}.Ad-Hoc|x64.Deploy.0 = Debug|Any CPU
		{2CBA9DED-033E-4EF4-BE86-0C6B64DFB335}.Ad-Hoc|x86.ActiveCfg = Debug|Any CPU
		{2CBA9DED-033E-4EF4-BE86-0C6B64DFB335}.Ad-Hoc|x86.Build.0 = Debug|Any CPU
		{2CBA9DED-033E-4EF4-BE86-0C6B64DFB335}.Ad-Hoc|x86.Deploy.0 = Debug|Any CPU
		{2CBA9DED-033E-4EF4-BE86-0C6B64DFB335}.AppStore|Any CPU.ActiveCfg = Debug|Any CPU
		{2CBA9DED-033E-4EF4-BE86-0C6B64DFB335}.AppStore|Any CPU.Build.0 = Debug|Any CPU
		{2CBA9DED-033E-4EF4-BE86-0C6B64DFB335}.AppStore|Any CPU.Deploy.0 = Debug|Any CPU
		{2CBA9DED-033E-4EF4-BE86-0C6B64DFB335}.AppStore|ARM.ActiveCfg = Debug|Any CPU
		{2CBA9DED-033E-4EF4-BE86-0C6B64DFB335}.AppStore|ARM.Build.0 = Debug|Any CPU
		{2CBA9DED-033E-4EF4-BE86-0C6B64DFB335}.AppStore|ARM.Deploy.0 = Debug|Any CPU
		{2CBA9DED-033E-4EF4-BE86-0C6B64DFB335}.AppStore|iPhone.ActiveCfg = Debug|Any CPU
		{2CBA9DED-033E-4EF4-BE86-0C6B64DFB335}.AppStore|iPhone.Build.0 = Debug|Any CPU
		{2CBA9DED-033E-4EF4-BE86-0C6B64DFB335}.AppStore|iPhone.Deploy.0 = Debug|Any CPU
		{2CBA9DED-033E-4EF4-BE86-0C6B64DFB335}.AppStore|iPhoneSimulator.ActiveCfg = Debug|Any CPU
		{2CBA9DED-033E-4EF4-BE86-0C6B64DFB335}.AppStore|iPhoneSimulator.Build.0 = Debug|Any CPU
		{2CBA9DED-033E-4EF4-BE86-0C6B64DFB335}.AppStore|iPhoneSimulator.Deploy.0 = Debug|Any CPU
		{2CBA9DED-033E-4EF4-BE86-0C6B64DFB335}.AppStore|x64.ActiveCfg = Debug|Any CPU
		{2CBA9DED-033E-4EF4-BE86-0C6B64DFB335}.AppStore|x64.Build.0 = Debug|Any CPU
		{2CBA9DED-033E-4EF4-BE86-0C6B64DFB335}.AppStore|x64.Deploy.0 = Debug|Any CPU
		{2CBA9DED-033E-4EF4-BE86-0C6B64DFB335}.AppStore|x86.ActiveCfg = Debug|Any CPU
		{2CBA9DED-033E-4EF4-BE86-0C6B64DFB335}.AppStore|x86.Build.0 = Debug|Any CPU
		{2CBA9DED-033E-4EF4-BE86-0C6B64DFB335}.AppStore|x86.Deploy.0 = Debug|Any CPU
		{2CBA9DED-033E-4EF4-BE86-0C6B64DFB335}.Debug|Any CPU.ActiveCfg = Debug|Any CPU
		{2CBA9DED-033E-4EF4-BE86-0C6B64DFB335}.Debug|Any CPU.Build.0 = Debug|Any CPU
		{2CBA9DED-033E-4EF4-BE86-0C6B64DFB335}.Debug|Any CPU.Deploy.0 = Debug|Any CPU
		{2CBA9DED-033E-4EF4-BE86-0C6B64DFB335}.Debug|ARM.ActiveCfg = Debug|Any CPU
		{2CBA9DED-033E-4EF4-BE86-0C6B64DFB335}.Debug|ARM.Build.0 = Debug|Any CPU
		{2CBA9DED-033E-4EF4-BE86-0C6B64DFB335}.Debug|ARM.Deploy.0 = Debug|Any CPU
		{2CBA9DED-033E-4EF4-BE86-0C6B64DFB335}.Debug|iPhone.ActiveCfg = Debug|Any CPU
		{2CBA9DED-033E-4EF4-BE86-0C6B64DFB335}.Debug|iPhone.Build.0 = Debug|Any CPU
		{2CBA9DED-033E-4EF4-BE86-0C6B64DFB335}.Debug|iPhone.Deploy.0 = Debug|Any CPU
		{2CBA9DED-033E-4EF4-BE86-0C6B64DFB335}.Debug|iPhoneSimulator.ActiveCfg = Debug|Any CPU
		{2CBA9DED-033E-4EF4-BE86-0C6B64DFB335}.Debug|iPhoneSimulator.Build.0 = Debug|Any CPU
		{2CBA9DED-033E-4EF4-BE86-0C6B64DFB335}.Debug|iPhoneSimulator.Deploy.0 = Debug|Any CPU
		{2CBA9DED-033E-4EF4-BE86-0C6B64DFB335}.Debug|x64.ActiveCfg = Debug|Any CPU
		{2CBA9DED-033E-4EF4-BE86-0C6B64DFB335}.Debug|x64.Build.0 = Debug|Any CPU
		{2CBA9DED-033E-4EF4-BE86-0C6B64DFB335}.Debug|x64.Deploy.0 = Debug|Any CPU
		{2CBA9DED-033E-4EF4-BE86-0C6B64DFB335}.Debug|x86.ActiveCfg = Debug|Any CPU
		{2CBA9DED-033E-4EF4-BE86-0C6B64DFB335}.Debug|x86.Build.0 = Debug|Any CPU
		{2CBA9DED-033E-4EF4-BE86-0C6B64DFB335}.Debug|x86.Deploy.0 = Debug|Any CPU
		{2CBA9DED-033E-4EF4-BE86-0C6B64DFB335}.Release|Any CPU.ActiveCfg = Release|Any CPU
		{2CBA9DED-033E-4EF4-BE86-0C6B64DFB335}.Release|Any CPU.Build.0 = Release|Any CPU
		{2CBA9DED-033E-4EF4-BE86-0C6B64DFB335}.Release|Any CPU.Deploy.0 = Release|Any CPU
		{2CBA9DED-033E-4EF4-BE86-0C6B64DFB335}.Release|ARM.ActiveCfg = Release|Any CPU
		{2CBA9DED-033E-4EF4-BE86-0C6B64DFB335}.Release|ARM.Build.0 = Release|Any CPU
		{2CBA9DED-033E-4EF4-BE86-0C6B64DFB335}.Release|ARM.Deploy.0 = Release|Any CPU
		{2CBA9DED-033E-4EF4-BE86-0C6B64DFB335}.Release|iPhone.ActiveCfg = Release|Any CPU
		{2CBA9DED-033E-4EF4-BE86-0C6B64DFB335}.Release|iPhone.Build.0 = Release|Any CPU
		{2CBA9DED-033E-4EF4-BE86-0C6B64DFB335}.Release|iPhone.Deploy.0 = Release|Any CPU
		{2CBA9DED-033E-4EF4-BE86-0C6B64DFB335}.Release|iPhoneSimulator.ActiveCfg = Release|Any CPU
		{2CBA9DED-033E-4EF4-BE86-0C6B64DFB335}.Release|iPhoneSimulator.Build.0 = Release|Any CPU
		{2CBA9DED-033E-4EF4-BE86-0C6B64DFB335}.Release|iPhoneSimulator.Deploy.0 = Release|Any CPU
		{2CBA9DED-033E-4EF4-BE86-0C6B64DFB335}.Release|x64.ActiveCfg = Release|Any CPU
		{2CBA9DED-033E-4EF4-BE86-0C6B64DFB335}.Release|x64.Build.0 = Release|Any CPU
		{2CBA9DED-033E-4EF4-BE86-0C6B64DFB335}.Release|x64.Deploy.0 = Release|Any CPU
		{2CBA9DED-033E-4EF4-BE86-0C6B64DFB335}.Release|x86.ActiveCfg = Release|Any CPU
		{2CBA9DED-033E-4EF4-BE86-0C6B64DFB335}.Release|x86.Build.0 = Release|Any CPU
		{2CBA9DED-033E-4EF4-BE86-0C6B64DFB335}.Release|x86.Deploy.0 = Release|Any CPU
	EndGlobalSection
	GlobalSection(SolutionProperties) = preSolution
		HideSolutionNode = FALSE
	EndGlobalSection
	GlobalSection(ExtensibilityGlobals) = postSolution
		SolutionGuid = {EF786249-8619-4A96-BC21-DDFEC593A274}
	EndGlobalSection
EndGlobal
